// !$*UTF8*$!
{
	archiveVersion = 1;
	classes = {
	};
	objectVersion = 90;
	objects = {

/* Begin PBXBuildFile section */
		520CF3142DEC2DB800BC6416 /* NotionProductivityPackage in Frameworks */ = {isa = PBXBuildFile; productRef = 520CF3132DEC2DB800BC6416 /* NotionProductivityPackage */; };
		5210CDEB2D0EA9DD0071B052 /* Localizable.xcstrings in Resources */ = {isa = PBXBuildFile; fileRef = 5210CDEA2D0EA9DD0071B052 /* Localizable.xcstrings */; };
		5297A5482C66819D001C243E /* NotionProductivityApp.swift in Sources */ = {isa = PBXBuildFile; fileRef = 5297A5472C66819D001C243E /* NotionProductivityApp.swift */; };
		5297A54C2C66819E001C243E /* Assets.xcassets in Resources */ = {isa = PBXBuildFile; fileRef = 5297A54B2C66819E001C243E /* Assets.xcassets */; };
		5297A54F2C66819E001C243E /* Preview Assets.xcassets in Resources */ = {isa = PBXBuildFile; fileRef = 5297A54E2C66819E001C243E /* Preview Assets.xcassets */; };
		52A105362E12D4F900C23100 /* AppIcon.icon in Resources */ = {isa = PBXBuildFile; fileRef = 52A105352E12D4F900C23100 /* AppIcon.icon */; };
		52A1053A2E12E5F100C23100 /* Config.xcconfig in Resources */ = {isa = PBXBuildFile; fileRef = 52A105392E12E5E800C23100 /* Config.xcconfig */; };
/* End PBXBuildFile section */

/* Begin PBXFileReference section */
		5210CDEA2D0EA9DD0071B052 /* Localizable.xcstrings */ = {isa = PBXFileReference; lastKnownFileType = text.json.xcstrings; path = Localizable.xcstrings; sourceTree = "<group>"; };
		525174E12CBD05E8006C241E /* Info.plist */ = {isa = PBXFileReference; lastKnownFileType = text.plist; path = Info.plist; sourceTree = "<group>"; };
		52950C332C72603C00D62CD0 /* NotionProductivity.entitlements */ = {isa = PBXFileReference; lastKnownFileType = text.plist.entitlements; path = NotionProductivity.entitlements; sourceTree = "<group>"; };
		5297A5442C66819D001C243E /* NotionProductivity.app */ = {isa = PBXFileReference; explicitFileType = wrapper.application; includeInIndex = 0; path = NotionProductivity.app; sourceTree = BUILT_PRODUCTS_DIR; };
		5297A5472C66819D001C243E /* NotionProductivityApp.swift */ = {isa = PBXFileReference; lastKnownFileType = sourcecode.swift; path = NotionProductivityApp.swift; sourceTree = "<group>"; };
		5297A54B2C66819E001C243E /* Assets.xcassets */ = {isa = PBXFileReference; lastKnownFileType = folder.assetcatalog; path = Assets.xcassets; sourceTree = "<group>"; };
		5297A54E2C66819E001C243E /* Preview Assets.xcassets */ = {isa = PBXFileReference; lastKnownFileType = folder.assetcatalog; path = "Preview Assets.xcassets"; sourceTree = "<group>"; };
		52A105352E12D4F900C23100 /* AppIcon.icon */ = {isa = PBXFileReference; lastKnownFileType = folder.iconcomposer.icon; path = AppIcon.icon; sourceTree = "<group>"; };
		52A105392E12E5E800C23100 /* Config.xcconfig */ = {isa = PBXFileReference; lastKnownFileType = text.xcconfig; path = Config.xcconfig; sourceTree = "<group>"; };
/* End PBXFileReference section */

/* Begin PBXFrameworksBuildPhase section */
		5297A5412C66819D001C243E /* Frameworks */ = {
			isa = PBXFrameworksBuildPhase;
			files = (
				520CF3142DEC2DB800BC6416 /* NotionProductivityPackage in Frameworks */,
			);
		};
/* End PBXFrameworksBuildPhase section */

/* Begin PBXGroup section */
		52775BF82CA936510093CC0F /* Frameworks */ = {
			isa = PBXGroup;
			children = (
			);
			name = Frameworks;
			sourceTree = "<group>";
		};
		5297A53B2C66819D001C243E = {
			isa = PBXGroup;
			children = (
				5297A5462C66819D001C243E /* NotionProductivity */,
				52775BF82CA936510093CC0F /* Frameworks */,
				5297A5452C66819D001C243E /* Products */,
			);
			sourceTree = "<group>";
		};
		5297A5452C66819D001C243E /* Products */ = {
			isa = PBXGroup;
			children = (
				5297A5442C66819D001C243E /* NotionProductivity.app */,
			);
			name = Products;
			sourceTree = "<group>";
		};
		5297A5462C66819D001C243E /* NotionProductivity */ = {
			isa = PBXGroup;
			children = (
				52A105392E12E5E800C23100 /* Config.xcconfig */,
				525174E12CBD05E8006C241E /* Info.plist */,
				52950C332C72603C00D62CD0 /* NotionProductivity.entitlements */,
				5297A5472C66819D001C243E /* NotionProductivityApp.swift */,
				5297A5742C6B06B2001C243E /* Resources */,
			);
			path = NotionProductivity;
			sourceTree = "<group>";
		};
		5297A54D2C66819E001C243E /* Preview Content */ = {
			isa = PBXGroup;
			children = (
				5297A54E2C66819E001C243E /* Preview Assets.xcassets */,
			);
			path = "Preview Content";
			sourceTree = "<group>";
		};
		5297A5742C6B06B2001C243E /* Resources */ = {
			isa = PBXGroup;
			children = (
				5297A54D2C66819E001C243E /* Preview Content */,
				5297A54B2C66819E001C243E /* Assets.xcassets */,
				52A105352E12D4F900C23100 /* AppIcon.icon */,
				5210CDEA2D0EA9DD0071B052 /* Localizable.xcstrings */,
			);
			path = Resources;
			sourceTree = "<group>";
		};
/* End PBXGroup section */

/* Begin PBXNativeTarget section */
		5297A5432C66819D001C243E /* NotionProductivity */ = {
			isa = PBXNativeTarget;
			buildConfigurationList = 5297A5682C66819E001C243E /* Build configuration list for PBXNativeTarget "NotionProductivity" */;
			buildPhases = (
				5297A5402C66819D001C243E /* Sources */,
				5297A5412C66819D001C243E /* Frameworks */,
				5297A5422C66819D001C243E /* Resources */,
			);
			buildRules = (
			);
			name = NotionProductivity;
			packageProductDependencies = (
				520CF3132DEC2DB800BC6416 /* NotionProductivityPackage */,
			);
			productName = NotionTimer;
			productReference = 5297A5442C66819D001C243E /* NotionProductivity.app */;
			productType = "com.apple.product-type.application";
		};
/* End PBXNativeTarget section */

/* Begin PBXProject section */
		5297A53C2C66819D001C243E /* Project object */ = {
			isa = PBXProject;
			attributes = {
				BuildIndependentTargetsInParallel = 1;
				LastSwiftUpdateCheck = 1540;
				LastUpgradeCheck = 1630;
				TargetAttributes = {
					5297A5432C66819D001C243E = {
						CreatedOnToolsVersion = 15.4;
					};
				};
			};
			buildConfigurationList = 5297A53F2C66819D001C243E /* Build configuration list for PBXProject "NotionProductivity" */;
			developmentRegion = en;
			hasScannedForEncodings = 0;
			knownRegions = (
				en,
				ja,
			);
			mainGroup = 5297A53B2C66819D001C243E;
			packageReferences = (
			);
			preferredProjectObjectVersion = 90;
			productRefGroup = 5297A5452C66819D001C243E /* Products */;
			projectDirPath = "";
			projectRoot = "";
			targets = (
				5297A5432C66819D001C243E /* NotionProductivity */,
			);
		};
/* End PBXProject section */

/* Begin PBXResourcesBuildPhase section */
		5297A5422C66819D001C243E /* Resources */ = {
			isa = PBXResourcesBuildPhase;
			files = (
				5297A54F2C66819E001C243E /* Preview Assets.xcassets in Resources */,
				52A1053A2E12E5F100C23100 /* Config.xcconfig in Resources */,
				52A105362E12D4F900C23100 /* AppIcon.icon in Resources */,
				5297A54C2C66819E001C243E /* Assets.xcassets in Resources */,
				5210CDEB2D0EA9DD0071B052 /* Localizable.xcstrings in Resources */,
			);
		};
/* End PBXResourcesBuildPhase section */

/* Begin PBXSourcesBuildPhase section */
		5297A5402C66819D001C243E /* Sources */ = {
			isa = PBXSourcesBuildPhase;
			files = (
				5297A5482C66819D001C243E /* NotionProductivityApp.swift in Sources */,
			);
		};
/* End PBXSourcesBuildPhase section */

/* Begin XCBuildConfiguration section */
		5297A5662C66819E001C243E /* Debug configuration for PBXProject "NotionProductivity" */ = {
			isa = XCBuildConfiguration;
			buildSettings = {
				ALWAYS_SEARCH_USER_PATHS = NO;
				ASSETCATALOG_COMPILER_GENERATE_SWIFT_ASSET_SYMBOL_EXTENSIONS = YES;
				CLANG_ANALYZER_LOCALIZABILITY_NONLOCALIZED = YES;
				CLANG_ANALYZER_NONNULL = YES;
				CLANG_ANALYZER_NUMBER_OBJECT_CONVERSION = YES_AGGRESSIVE;
				CLANG_CXX_LANGUAGE_STANDARD = "gnu++20";
				CLANG_ENABLE_MODULES = YES;
				CLANG_ENABLE_OBJC_ARC = YES;
				CLANG_ENABLE_OBJC_WEAK = YES;
				CLANG_WARN_BLOCK_CAPTURE_AUTORELEASING = YES;
				CLANG_WARN_BOOL_CONVERSION = YES;
				CLANG_WARN_COMMA = YES;
				CLANG_WARN_CONSTANT_CONVERSION = YES;
				CLANG_WARN_DEPRECATED_OBJC_IMPLEMENTATIONS = YES;
				CLANG_WARN_DIRECT_OBJC_ISA_USAGE = YES_ERROR;
				CLANG_WARN_DOCUMENTATION_COMMENTS = YES;
				CLANG_WARN_EMPTY_BODY = YES;
				CLANG_WARN_ENUM_CONVERSION = YES;
				CLANG_WARN_INFINITE_RECURSION = YES;
				CLANG_WARN_INT_CONVERSION = YES;
				CLANG_WARN_NON_LITERAL_NULL_CONVERSION = YES;
				CLANG_WARN_OBJC_IMPLICIT_RETAIN_SELF = YES;
				CLANG_WARN_OBJC_LITERAL_CONVERSION = YES;
				CLANG_WARN_OBJC_ROOT_CLASS = YES_ERROR;
				CLANG_WARN_QUOTED_INCLUDE_IN_FRAMEWORK_HEADER = YES;
				CLANG_WARN_RANGE_LOOP_ANALYSIS = YES;
				CLANG_WARN_STRICT_PROTOTYPES = YES;
				CLANG_WARN_SUSPICIOUS_MOVE = YES;
				CLANG_WARN_UNGUARDED_AVAILABILITY = YES_AGGRESSIVE;
				CLANG_WARN_UNREACHABLE_CODE = YES;
				CLANG_WARN__DUPLICATE_METHOD_MATCH = YES;
				COPY_PHASE_STRIP = NO;
				DEBUG_INFORMATION_FORMAT = dwarf;
				ENABLE_STRICT_OBJC_MSGSEND = YES;
				ENABLE_TESTABILITY = YES;
				ENABLE_USER_SCRIPT_SANDBOXING = YES;
				GCC_C_LANGUAGE_STANDARD = gnu17;
				GCC_DYNAMIC_NO_PIC = NO;
				GCC_NO_COMMON_BLOCKS = YES;
				GCC_OPTIMIZATION_LEVEL = 0;
				GCC_PREPROCESSOR_DEFINITIONS = (
					"DEBUG=1",
					"$(inherited)",
				);
				GCC_WARN_64_TO_32_BIT_CONVERSION = YES;
				GCC_WARN_ABOUT_RETURN_TYPE = YES_ERROR;
				GCC_WARN_UNDECLARED_SELECTOR = YES;
				GCC_WARN_UNINITIALIZED_AUTOS = YES_AGGRESSIVE;
				GCC_WARN_UNUSED_FUNCTION = YES;
				GCC_WARN_UNUSED_VARIABLE = YES;
				IPHONEOS_DEPLOYMENT_TARGET = 18.6;
				LOCALIZATION_PREFERS_STRING_CATALOGS = YES;
				MTL_ENABLE_DEBUG_INFO = INCLUDE_SOURCE;
				MTL_FAST_MATH = YES;
				ONLY_ACTIVE_ARCH = YES;
				SDKROOT = iphoneos;
				SWIFT_ACTIVE_COMPILATION_CONDITIONS = "DEBUG $(inherited)";
				SWIFT_EMIT_LOC_STRINGS = YES;
				SWIFT_OPTIMIZATION_LEVEL = "-Onone";
			};
			name = Debug;
		};
		5297A5672C66819E001C243E /* Release configuration for PBXProject "NotionProductivity" */ = {
			isa = XCBuildConfiguration;
			buildSettings = {
				ALWAYS_SEARCH_USER_PATHS = NO;
				ASSETCATALOG_COMPILER_GENERATE_SWIFT_ASSET_SYMBOL_EXTENSIONS = YES;
				CLANG_ANALYZER_LOCALIZABILITY_NONLOCALIZED = YES;
				CLANG_ANALYZER_NONNULL = YES;
				CLANG_ANALYZER_NUMBER_OBJECT_CONVERSION = YES_AGGRESSIVE;
				CLANG_CXX_LANGUAGE_STANDARD = "gnu++20";
				CLANG_ENABLE_MODULES = YES;
				CLANG_ENABLE_OBJC_ARC = YES;
				CLANG_ENABLE_OBJC_WEAK = YES;
				CLANG_WARN_BLOCK_CAPTURE_AUTORELEASING = YES;
				CLANG_WARN_BOOL_CONVERSION = YES;
				CLANG_WARN_COMMA = YES;
				CLANG_WARN_CONSTANT_CONVERSION = YES;
				CLANG_WARN_DEPRECATED_OBJC_IMPLEMENTATIONS = YES;
				CLANG_WARN_DIRECT_OBJC_ISA_USAGE = YES_ERROR;
				CLANG_WARN_DOCUMENTATION_COMMENTS = YES;
				CLANG_WARN_EMPTY_BODY = YES;
				CLANG_WARN_ENUM_CONVERSION = YES;
				CLANG_WARN_INFINITE_RECURSION = YES;
				CLANG_WARN_INT_CONVERSION = YES;
				CLANG_WARN_NON_LITERAL_NULL_CONVERSION = YES;
				CLANG_WARN_OBJC_IMPLICIT_RETAIN_SELF = YES;
				CLANG_WARN_OBJC_LITERAL_CONVERSION = YES;
				CLANG_WARN_OBJC_ROOT_CLASS = YES_ERROR;
				CLANG_WARN_QUOTED_INCLUDE_IN_FRAMEWORK_HEADER = YES;
				CLANG_WARN_RANGE_LOOP_ANALYSIS = YES;
				CLANG_WARN_STRICT_PROTOTYPES = YES;
				CLANG_WARN_SUSPICIOUS_MOVE = YES;
				CLANG_WARN_UNGUARDED_AVAILABILITY = YES_AGGRESSIVE;
				CLANG_WARN_UNREACHABLE_CODE = YES;
				CLANG_WARN__DUPLICATE_METHOD_MATCH = YES;
				COPY_PHASE_STRIP = NO;
				DEBUG_INFORMATION_FORMAT = "dwarf-with-dsym";
				ENABLE_NS_ASSERTIONS = NO;
				ENABLE_STRICT_OBJC_MSGSEND = YES;
				ENABLE_USER_SCRIPT_SANDBOXING = YES;
				GCC_C_LANGUAGE_STANDARD = gnu17;
				GCC_NO_COMMON_BLOCKS = YES;
				GCC_WARN_64_TO_32_BIT_CONVERSION = YES;
				GCC_WARN_ABOUT_RETURN_TYPE = YES_ERROR;
				GCC_WARN_UNDECLARED_SELECTOR = YES;
				GCC_WARN_UNINITIALIZED_AUTOS = YES_AGGRESSIVE;
				GCC_WARN_UNUSED_FUNCTION = YES;
				GCC_WARN_UNUSED_VARIABLE = YES;
				IPHONEOS_DEPLOYMENT_TARGET = 18.6;
				LOCALIZATION_PREFERS_STRING_CATALOGS = YES;
				MTL_ENABLE_DEBUG_INFO = NO;
				MTL_FAST_MATH = YES;
				SDKROOT = iphoneos;
				SWIFT_COMPILATION_MODE = wholemodule;
				SWIFT_EMIT_LOC_STRINGS = YES;
				VALIDATE_PRODUCT = YES;
			};
			name = Release;
		};
		5297A5692C66819E001C243E /* Debug configuration for PBXNativeTarget "NotionProductivity" */ = {
			isa = XCBuildConfiguration;
			baseConfigurationReference = 52A105392E12E5E800C23100 /* Config.xcconfig */;
			buildSettings = {
				ASSETCATALOG_COMPILER_APPICON_NAME = AppIcon;
				ASSETCATALOG_COMPILER_GLOBAL_ACCENT_COLOR_NAME = AccentColor;
				ASSETCATALOG_COMPILER_INCLUDE_ALL_APPICON_ASSETS = YES;
				CODE_SIGN_ENTITLEMENTS = NotionProductivity/NotionProductivity.entitlements;
				CODE_SIGN_STYLE = Automatic;
				CURRENT_PROJECT_VERSION = 1;
				DEVELOPMENT_ASSET_PATHS = "\"NotionProductivity/Resources/Preview Content\"";
				DEVELOPMENT_TEAM = PBBV5BVMZD;
				ENABLE_PREVIEWS = YES;
				GENERATE_INFOPLIST_FILE = YES;
				INFOPLIST_FILE = NotionProductivity/Info.plist;
				INFOPLIST_KEY_CFBundleDisplayName = NP;
				INFOPLIST_KEY_LSApplicationCategoryType = "public.app-category.productivity";
				INFOPLIST_KEY_UIApplicationSceneManifest_Generation = YES;
				INFOPLIST_KEY_UIApplicationSupportsIndirectInputEvents = YES;
				INFOPLIST_KEY_UILaunchScreen_Generation = YES;
				INFOPLIST_KEY_UIStatusBarStyle = "";
				INFOPLIST_KEY_UISupportedInterfaceOrientations = UIInterfaceOrientationPortrait;
				INFOPLIST_KEY_UISupportedInterfaceOrientations_iPad = "UIInterfaceOrientationLandscapeLeft UIInterfaceOrientationLandscapeRight UIInterfaceOrientationPortrait UIInterfaceOrientationPortraitUpsideDown";
				IPHONEOS_DEPLOYMENT_TARGET = 18;
				LD_RUNPATH_SEARCH_PATHS = (
					"$(inherited)",
					"@executable_path/Frameworks",
				);
				MARKETING_VERSION = 1.0;
				PRODUCT_BUNDLE_IDENTIFIER = com.taichone.NotionProductivity;
				PRODUCT_NAME = "$(TARGET_NAME)";
				SWIFT_EMIT_LOC_STRINGS = YES;
				SWIFT_STRICT_CONCURRENCY = complete;
				SWIFT_VERSION = 5.0;
				TARGETED_DEVICE_FAMILY = "1,2";
			};
			name = Debug;
		};
		5297A56A2C66819E001C243E /* Release configuration for PBXNativeTarget "NotionProductivity" */ = {
			isa = XCBuildConfiguration;
			baseConfigurationReference = 52A105392E12E5E800C23100 /* Config.xcconfig */;
			buildSettings = {
				ASSETCATALOG_COMPILER_APPICON_NAME = AppIcon;
				ASSETCATALOG_COMPILER_GLOBAL_ACCENT_COLOR_NAME = AccentColor;
				ASSETCATALOG_COMPILER_INCLUDE_ALL_APPICON_ASSETS = YES;
				CODE_SIGN_ENTITLEMENTS = NotionProductivity/NotionProductivity.entitlements;
				CODE_SIGN_STYLE = Automatic;
				CURRENT_PROJECT_VERSION = 1;
				DEVELOPMENT_ASSET_PATHS = "\"NotionProductivity/Resources/Preview Content\"";
				DEVELOPMENT_TEAM = PBBV5BVMZD;
				ENABLE_PREVIEWS = YES;
				GENERATE_INFOPLIST_FILE = YES;
				INFOPLIST_FILE = NotionProductivity/Info.plist;
				INFOPLIST_KEY_CFBundleDisplayName = NP;
				INFOPLIST_KEY_LSApplicationCategoryType = "public.app-category.productivity";
				INFOPLIST_KEY_UIApplicationSceneManifest_Generation = YES;
				INFOPLIST_KEY_UIApplicationSupportsIndirectInputEvents = YES;
				INFOPLIST_KEY_UILaunchScreen_Generation = YES;
				INFOPLIST_KEY_UIStatusBarStyle = "";
				INFOPLIST_KEY_UISupportedInterfaceOrientations = UIInterfaceOrientationPortrait;
				INFOPLIST_KEY_UISupportedInterfaceOrientations_iPad = "UIInterfaceOrientationLandscapeLeft UIInterfaceOrientationLandscapeRight UIInterfaceOrientationPortrait UIInterfaceOrientationPortraitUpsideDown";
				IPHONEOS_DEPLOYMENT_TARGET = 18;
				LD_RUNPATH_SEARCH_PATHS = (
					"$(inherited)",
					"@executable_path/Frameworks",
				);
				MARKETING_VERSION = 1.0;
				PRODUCT_BUNDLE_IDENTIFIER = com.taichone.NotionProductivity;
				PRODUCT_NAME = "$(TARGET_NAME)";
				SWIFT_EMIT_LOC_STRINGS = YES;
				SWIFT_STRICT_CONCURRENCY = complete;
				SWIFT_VERSION = 5.0;
				TARGETED_DEVICE_FAMILY = "1,2";
			};
			name = Release;
		};
/* End XCBuildConfiguration section */

/* Begin XCConfigurationList section */
		5297A53F2C66819D001C243E /* Build configuration list for PBXProject "NotionProductivity" */ = {
			isa = XCConfigurationList;
			buildConfigurations = (
				5297A5662C66819E001C243E /* Debug configuration for PBXProject "NotionProductivity" */,
				5297A5672C66819E001C243E /* Release configuration for PBXProject "NotionProductivity" */,
			);
			defaultConfigurationName = Release;
		};
		5297A5682C66819E001C243E /* Build configuration list for PBXNativeTarget "NotionProductivity" */ = {
			isa = XCConfigurationList;
			buildConfigurations = (
				5297A5692C66819E001C243E /* Debug configuration for PBXNativeTarget "NotionProductivity" */,
				5297A56A2C66819E001C243E /* Release configuration for PBXNativeTarget "NotionProductivity" */,
			);
			defaultConfigurationName = Release;
		};
/* End XCConfigurationList section */

/* Begin XCSwiftPackageProductDependency section */
		520CF3132DEC2DB800BC6416 /* NotionProductivityPackage */ = {
			isa = XCSwiftPackageProductDependency;
			productName = NotionProductivityPackage;
		};
/* End XCSwiftPackageProductDependency section */
	};
	rootObject = 5297A53C2C66819D001C243E /* Project object */;
}
